
Microsoft Visual Studio Solution File, Format Version 12.00
# Visual Studio Version 17
VisualStudioVersion = 17.11.35327.3
MinimumVisualStudioVersion = 10.0.40219.1
Project("{FAE04EC0-301F-11D3-BF4B-00C04F79EFBC}") = "Question 6", "Question 6.csproj", "{827E853E-5323-4F28-A91F-E06990D50510}"
EndProject
Global
	GlobalSection(SolutionConfigurationPlatforms) = preSolution
		Debug|Any CPU = Debug|Any CPU
		Release|Any CPU = Release|Any CPU
	EndGlobalSection
	GlobalSection(ProjectConfigurationPlatforms) = postSolution
		{827E853E-5323-4F28-A91F-E06990D50510}.Debug|Any CPU.ActiveCfg = Debug|Any CPU
		{827E853E-5323-4F28-A91F-E06990D50510}.Debug|Any CPU.Build.0 = Debug|Any CPU
		{827E853E-5323-4F28-A91F-E06990D50510}.Release|Any CPU.ActiveCfg = Release|Any CPU
		{827E853E-5323-4F28-A91F-E06990D50510}.Release|Any CPU.Build.0 = Release|Any CPU
	EndGlobalSection
	GlobalSection(SolutionProperties) = preSolution
		HideSolutionNode = FALSE
	EndGlobalSection
	GlobalSection(ExtensibilityGlobals) = postSolution
		SolutionGuid = {DC1EBFBA-AC49-439A-A04A-DD2391514633}
	EndGlobalSection
EndGlobal
