
Microsoft Visual Studio Solution File, Format Version 12.00
# Visual Studio Version 17
VisualStudioVersion = 17.11.35327.3
MinimumVisualStudioVersion = 10.0.40219.1
Project("{FAE04EC0-301F-11D3-BF4B-00C04F79EFBC}") = "Question 10", "Question 10.csproj", "{C06B1D48-3CA1-4DC1-B3F5-90DC6C3A000B}"
EndProject
Global
	GlobalSection(SolutionConfigurationPlatforms) = preSolution
		Debug|Any CPU = Debug|Any CPU
		Release|Any CPU = Release|Any CPU
	EndGlobalSection
	GlobalSection(ProjectConfigurationPlatforms) = postSolution
		{C06B1D48-3CA1-4DC1-B3F5-90DC6C3A000B}.Debug|Any CPU.ActiveCfg = Debug|Any CPU
		{C06B1D48-3CA1-4DC1-B3F5-90DC6C3A000B}.Debug|Any CPU.Build.0 = Debug|Any CPU
		{C06B1D48-3CA1-4DC1-B3F5-90DC6C3A000B}.Release|Any CPU.ActiveCfg = Release|Any CPU
		{C06B1D48-3CA1-4DC1-B3F5-90DC6C3A000B}.Release|Any CPU.Build.0 = Release|Any CPU
	EndGlobalSection
	GlobalSection(SolutionProperties) = preSolution
		HideSolutionNode = FALSE
	EndGlobalSection
	GlobalSection(ExtensibilityGlobals) = postSolution
		SolutionGuid = {FBE948D8-63B6-4081-AC76-B80C651EFE79}
	EndGlobalSection
EndGlobal
