
Microsoft Visual Studio Solution File, Format Version 12.00
# Visual Studio Version 17
VisualStudioVersion = 17.11.35327.3
MinimumVisualStudioVersion = 10.0.40219.1
Project("{FAE04EC0-301F-11D3-BF4B-00C04F79EFBC}") = "19-11-2024 Lab Assignment", "19-11-2024 Lab Assignment.csproj", "{BB2A1010-09BA-4B91-869A-F020D4C591C3}"
EndProject
Global
	GlobalSection(SolutionConfigurationPlatforms) = preSolution
		Debug|Any CPU = Debug|Any CPU
		Release|Any CPU = Release|Any CPU
	EndGlobalSection
	GlobalSection(ProjectConfigurationPlatforms) = postSolution
		{BB2A1010-09BA-4B91-869A-F020D4C591C3}.Debug|Any CPU.ActiveCfg = Debug|Any CPU
		{BB2A1010-09BA-4B91-869A-F020D4C591C3}.Debug|Any CPU.Build.0 = Debug|Any CPU
		{BB2A1010-09BA-4B91-869A-F020D4C591C3}.Release|Any CPU.ActiveCfg = Release|Any CPU
		{BB2A1010-09BA-4B91-869A-F020D4C591C3}.Release|Any CPU.Build.0 = Release|Any CPU
	EndGlobalSection
	GlobalSection(SolutionProperties) = preSolution
		HideSolutionNode = FALSE
	EndGlobalSection
	GlobalSection(ExtensibilityGlobals) = postSolution
		SolutionGuid = {6A84BDE3-3A09-4267-83AB-9AB3843AEB0F}
	EndGlobalSection
EndGlobal
