
Microsoft Visual Studio Solution File, Format Version 12.00
# Visual Studio Version 17
VisualStudioVersion = 17.11.35327.3
MinimumVisualStudioVersion = 10.0.40219.1
Project("{FAE04EC0-301F-11D3-BF4B-00C04F79EFBC}") = "Question 7", "Question 7.csproj", "{EDA6C0AE-787F-4EBA-85A3-997EC0342518}"
EndProject
Global
	GlobalSection(SolutionConfigurationPlatforms) = preSolution
		Debug|Any CPU = Debug|Any CPU
		Release|Any CPU = Release|Any CPU
	EndGlobalSection
	GlobalSection(ProjectConfigurationPlatforms) = postSolution
		{EDA6C0AE-787F-4EBA-85A3-997EC0342518}.Debug|Any CPU.ActiveCfg = Debug|Any CPU
		{EDA6C0AE-787F-4EBA-85A3-997EC0342518}.Debug|Any CPU.Build.0 = Debug|Any CPU
		{EDA6C0AE-787F-4EBA-85A3-997EC0342518}.Release|Any CPU.ActiveCfg = Release|Any CPU
		{EDA6C0AE-787F-4EBA-85A3-997EC0342518}.Release|Any CPU.Build.0 = Release|Any CPU
	EndGlobalSection
	GlobalSection(SolutionProperties) = preSolution
		HideSolutionNode = FALSE
	EndGlobalSection
	GlobalSection(ExtensibilityGlobals) = postSolution
		SolutionGuid = {74DA2C31-DC73-4050-82BF-EF342246EF9E}
	EndGlobalSection
EndGlobal
