
Microsoft Visual Studio Solution File, Format Version 12.00
# Visual Studio Version 17
VisualStudioVersion = 17.11.35327.3
MinimumVisualStudioVersion = 10.0.40219.1
Project("{FAE04EC0-301F-11D3-BF4B-00C04F79EFBC}") = "233606_Assignment_No_3", "233606_Assignment_No_3.csproj", "{DC5333E7-549E-484D-9E9B-5EB2483AFD08}"
EndProject
Global
	GlobalSection(SolutionConfigurationPlatforms) = preSolution
		Debug|Any CPU = Debug|Any CPU
		Release|Any CPU = Release|Any CPU
	EndGlobalSection
	GlobalSection(ProjectConfigurationPlatforms) = postSolution
		{DC5333E7-549E-484D-9E9B-5EB2483AFD08}.Debug|Any CPU.ActiveCfg = Debug|Any CPU
		{DC5333E7-549E-484D-9E9B-5EB2483AFD08}.Debug|Any CPU.Build.0 = Debug|Any CPU
		{DC5333E7-549E-484D-9E9B-5EB2483AFD08}.Release|Any CPU.ActiveCfg = Release|Any CPU
		{DC5333E7-549E-484D-9E9B-5EB2483AFD08}.Release|Any CPU.Build.0 = Release|Any CPU
	EndGlobalSection
	GlobalSection(SolutionProperties) = preSolution
		HideSolutionNode = FALSE
	EndGlobalSection
	GlobalSection(ExtensibilityGlobals) = postSolution
		SolutionGuid = {37D58360-5D77-4C46-835E-E949C673AFE9}
	EndGlobalSection
EndGlobal
